
Microsoft Visual Studio Solution File, Format Version 12.00
# Visual Studio Version 17
VisualStudioVersion = 17.0.32014.148
MinimumVisualStudioVersion = 10.0.40219.1
Project("{FAE04EC0-301F-11D3-BF4B-00C04F79EFBC}") = "PMapCore", "PMap\PMapCore.csproj", "{3E3FE032-B237-479B-938B-63F693265432}"
	ProjectSection(ProjectDependencies) = postProject
		{D0C39D9D-BED0-418B-9A5E-713176CAF40C} = {D0C39D9D-BED0-418B-9A5E-713176CAF40C}
	EndProjectSection
EndProject
Project("{FAE04EC0-301F-11D3-BF4B-00C04F79EFBC}") = "GMap.NET.Core", "GMap.NET.Core\GMap.NET.Core.csproj", "{D0C39D9D-BED0-418B-9A5E-713176CAF40C}"
EndProject
Project("{2150E333-8FDC-42A3-9474-1A3956D46DE8}") = "Solution Items", "Solution Items", "{DE152D52-1346-4F9C-A0D3-0CD98319DD14}"
	ProjectSection(SolutionItems) = preProject
		DBScript\auchan_test.sql = DBScript\auchan_test.sql
		doc\ChkRoute.docx = doc\ChkRoute.docx
		Correct-Tour.ini = Correct-Tour.ini
		Installer\Correct-Tour.ini = Installer\Correct-Tour.ini
		doc\FTLSupporter adatszerkezetek.xlsx = doc\FTLSupporter adatszerkezetek.xlsx
		doc\FTLSupporter használata.docx = doc\FTLSupporter használata.docx
		Installer\FTLSupporterInstaller2.nsi = Installer\FTLSupporterInstaller2.nsi
		Installer\FTLSupporterSetup.exe = Installer\FTLSupporterSetup.exe
		Installer\MapeiOrder2.nsi = Installer\MapeiOrder2.nsi
		Installer\MapeiOrderSetup.exe = Installer\MapeiOrderSetup.exe
		Templates\MPEmail.htm = Templates\MPEmail.htm
		Installer\PMAdmin2.nsi = Installer\PMAdmin2.nsi
		Installer\PMAdminSetup.exe = Installer\PMAdminSetup.exe
		doc\PMap kapcsolat külső rendszerekkel.doc = doc\PMap kapcsolat külső rendszerekkel.doc
		doc\PMap tervezés modul felhasználói leírása.docx = doc\PMap tervezés modul felhasználói leírása.docx
		doc\PMap-SWH kapcsolat.doc = doc\PMap-SWH kapcsolat.doc
		PMAP.ini = PMAP.ini
		Installer\PMAP.ini = Installer\PMAP.ini
		doc\PMap2.fazis1 = doc\PMap2.fazis1
		Installer\PMapInstaller.nsi = Installer\PMapInstaller.nsi
		Installer\PMapInstaller2.nsi = Installer\PMapInstaller2.nsi
		Installer\PMapInstaller64.nsi = Installer\PMapInstaller64.nsi
		Installer\PMapSetup.exe = Installer\PMapSetup.exe
		doc\PMAp_build.doc = doc\PMAp_build.doc
		doc\pmmanual.doc = doc\pmmanual.doc
		doc\pmmanualx.docx = doc\pmmanualx.docx
		Installer\PMRoute2.nsi = Installer\PMRoute2.nsi
		Installer\PMRouteSetup.exe = Installer\PMRouteSetup.exe
		Installer\RegAsm.exe = Installer\RegAsm.exe
		Installer\SWHInterfaceInstaller2.nsi = Installer\SWHInterfaceInstaller2.nsi
		doc\SWH_RDP.txt = doc\SWH_RDP.txt
		doc\SWH_TEST.RDP = doc\SWH_TEST.RDP
		doc\utvonalszam.txt = doc\utvonalszam.txt
	EndProjectSection
EndProject
Project("{FAE04EC0-301F-11D3-BF4B-00C04F79EFBC}") = "FTLSupporter", "FTLSupporter\FTLSupporter.csproj", "{B4FE3066-F14F-4625-85BB-57EA97751A6E}"
EndProject
Project("{FAE04EC0-301F-11D3-BF4B-00C04F79EFBC}") = "FTLSupporterTest", "FTLSupporterTest\FTLSupporterTest.csproj", "{FB829B58-C681-440D-8DB3-2A980A84C31C}"
EndProject
Project("{2150E333-8FDC-42A3-9474-1A3956D46DE8}") = "MapeiDocs", "MapeiDocs", "{5B599073-8416-4A3C-8D92-B15B9E57E410}"
	ProjectSection(SolutionItems) = preProject
		doc\Mapei\dbmod.sql = doc\Mapei\dbmod.sql
		doc\Mapei\Mapei_Estrazione_HUN.TXT = doc\Mapei\Mapei_Estrazione_HUN.TXT
		doc\Mapei\Megrendeléskonverzió.docx = doc\Mapei\Megrendeléskonverzió.docx
		doc\Mapei\megrendeléskonverzióv2.docx = doc\Mapei\megrendeléskonverzióv2.docx
		doc\Mapei\Megrendeléskonverzió_ori.docx = doc\Mapei\Megrendeléskonverzió_ori.docx
		doc\Mapei\NetMover adatexport.xls = doc\Mapei\NetMover adatexport.xls
		doc\Mapei\NetMover adatexport.xlsx = doc\Mapei\NetMover adatexport.xlsx
		doc\Mapei\SQLQuery5.sql = doc\Mapei\SQLQuery5.sql
	EndProjectSection
EndProject
Global
	GlobalSection(SolutionConfigurationPlatforms) = preSolution
		Debug|Any CPU = Debug|Any CPU
		Debug|Mixed Platforms = Debug|Mixed Platforms
		Debug|x64 = Debug|x64
		Debug|x86 = Debug|x86
		Release|Any CPU = Release|Any CPU
		Release|Mixed Platforms = Release|Mixed Platforms
		Release|x64 = Release|x64
		Release|x86 = Release|x86
	EndGlobalSection
	GlobalSection(ProjectConfigurationPlatforms) = postSolution
		{3E3FE032-B237-479B-938B-63F693265432}.Debug|Any CPU.ActiveCfg = Debug|Any CPU
		{3E3FE032-B237-479B-938B-63F693265432}.Debug|Any CPU.Build.0 = Debug|Any CPU
		{3E3FE032-B237-479B-938B-63F693265432}.Debug|Mixed Platforms.ActiveCfg = Debug|Any CPU
		{3E3FE032-B237-479B-938B-63F693265432}.Debug|Mixed Platforms.Build.0 = Debug|Any CPU
		{3E3FE032-B237-479B-938B-63F693265432}.Debug|x64.ActiveCfg = Debug|x64
		{3E3FE032-B237-479B-938B-63F693265432}.Debug|x64.Build.0 = Debug|x64
		{3E3FE032-B237-479B-938B-63F693265432}.Debug|x86.ActiveCfg = Debug|Any CPU
		{3E3FE032-B237-479B-938B-63F693265432}.Debug|x86.Build.0 = Debug|Any CPU
		{3E3FE032-B237-479B-938B-63F693265432}.Release|Any CPU.ActiveCfg = Release|Any CPU
		{3E3FE032-B237-479B-938B-63F693265432}.Release|Any CPU.Build.0 = Release|Any CPU
		{3E3FE032-B237-479B-938B-63F693265432}.Release|Mixed Platforms.ActiveCfg = Release|Any CPU
		{3E3FE032-B237-479B-938B-63F693265432}.Release|Mixed Platforms.Build.0 = Release|Any CPU
		{3E3FE032-B237-479B-938B-63F693265432}.Release|x64.ActiveCfg = Release|x64
		{3E3FE032-B237-479B-938B-63F693265432}.Release|x64.Build.0 = Release|x64
		{3E3FE032-B237-479B-938B-63F693265432}.Release|x86.ActiveCfg = Release|x86
		{3E3FE032-B237-479B-938B-63F693265432}.Release|x86.Build.0 = Release|x86
		{D0C39D9D-BED0-418B-9A5E-713176CAF40C}.Debug|Any CPU.ActiveCfg = Debug|Any CPU
		{D0C39D9D-BED0-418B-9A5E-713176CAF40C}.Debug|Any CPU.Build.0 = Debug|Any CPU
		{D0C39D9D-BED0-418B-9A5E-713176CAF40C}.Debug|Mixed Platforms.ActiveCfg = Debug|Any CPU
		{D0C39D9D-BED0-418B-9A5E-713176CAF40C}.Debug|Mixed Platforms.Build.0 = Debug|Any CPU
		{D0C39D9D-BED0-418B-9A5E-713176CAF40C}.Debug|x64.ActiveCfg = Debug|Any CPU
		{D0C39D9D-BED0-418B-9A5E-713176CAF40C}.Debug|x86.ActiveCfg = Debug|Any CPU
		{D0C39D9D-BED0-418B-9A5E-713176CAF40C}.Debug|x86.Build.0 = Debug|Any CPU
		{D0C39D9D-BED0-418B-9A5E-713176CAF40C}.Release|Any CPU.ActiveCfg = Release|Any CPU
		{D0C39D9D-BED0-418B-9A5E-713176CAF40C}.Release|Any CPU.Build.0 = Release|Any CPU
		{D0C39D9D-BED0-418B-9A5E-713176CAF40C}.Release|Mixed Platforms.ActiveCfg = Release|Any CPU
		{D0C39D9D-BED0-418B-9A5E-713176CAF40C}.Release|Mixed Platforms.Build.0 = Release|Any CPU
		{D0C39D9D-BED0-418B-9A5E-713176CAF40C}.Release|x64.ActiveCfg = Release|Any CPU
		{D0C39D9D-BED0-418B-9A5E-713176CAF40C}.Release|x86.ActiveCfg = Release|Any CPU
		{D0C39D9D-BED0-418B-9A5E-713176CAF40C}.Release|x86.Build.0 = Release|Any CPU
		{B4FE3066-F14F-4625-85BB-57EA97751A6E}.Debug|Any CPU.ActiveCfg = Debug|Any CPU
		{B4FE3066-F14F-4625-85BB-57EA97751A6E}.Debug|Any CPU.Build.0 = Debug|Any CPU
		{B4FE3066-F14F-4625-85BB-57EA97751A6E}.Debug|Mixed Platforms.ActiveCfg = Debug|Any CPU
		{B4FE3066-F14F-4625-85BB-57EA97751A6E}.Debug|Mixed Platforms.Build.0 = Debug|Any CPU
		{B4FE3066-F14F-4625-85BB-57EA97751A6E}.Debug|x64.ActiveCfg = Debug|Any CPU
		{B4FE3066-F14F-4625-85BB-57EA97751A6E}.Debug|x86.ActiveCfg = Debug|Any CPU
		{B4FE3066-F14F-4625-85BB-57EA97751A6E}.Release|Any CPU.ActiveCfg = Release|Any CPU
		{B4FE3066-F14F-4625-85BB-57EA97751A6E}.Release|Any CPU.Build.0 = Release|Any CPU
		{B4FE3066-F14F-4625-85BB-57EA97751A6E}.Release|Mixed Platforms.ActiveCfg = Release|Any CPU
		{B4FE3066-F14F-4625-85BB-57EA97751A6E}.Release|Mixed Platforms.Build.0 = Release|Any CPU
		{B4FE3066-F14F-4625-85BB-57EA97751A6E}.Release|x64.ActiveCfg = Release|Any CPU
		{B4FE3066-F14F-4625-85BB-57EA97751A6E}.Release|x86.ActiveCfg = Release|Any CPU
		{B4FE3066-F14F-4625-85BB-57EA97751A6E}.Release|x86.Build.0 = Release|Any CPU
		{FB829B58-C681-440D-8DB3-2A980A84C31C}.Debug|Any CPU.ActiveCfg = Debug|Any CPU
		{FB829B58-C681-440D-8DB3-2A980A84C31C}.Debug|Any CPU.Build.0 = Debug|Any CPU
		{FB829B58-C681-440D-8DB3-2A980A84C31C}.Debug|Mixed Platforms.ActiveCfg = Debug|Any CPU
		{FB829B58-C681-440D-8DB3-2A980A84C31C}.Debug|Mixed Platforms.Build.0 = Debug|Any CPU
		{FB829B58-C681-440D-8DB3-2A980A84C31C}.Debug|x64.ActiveCfg = Debug|Any CPU
		{FB829B58-C681-440D-8DB3-2A980A84C31C}.Debug|x86.ActiveCfg = Debug|Any CPU
		{FB829B58-C681-440D-8DB3-2A980A84C31C}.Release|Any CPU.ActiveCfg = Release|Any CPU
		{FB829B58-C681-440D-8DB3-2A980A84C31C}.Release|Any CPU.Build.0 = Release|Any CPU
		{FB829B58-C681-440D-8DB3-2A980A84C31C}.Release|Mixed Platforms.ActiveCfg = Release|Any CPU
		{FB829B58-C681-440D-8DB3-2A980A84C31C}.Release|Mixed Platforms.Build.0 = Release|Any CPU
		{FB829B58-C681-440D-8DB3-2A980A84C31C}.Release|x64.ActiveCfg = Release|Any CPU
		{FB829B58-C681-440D-8DB3-2A980A84C31C}.Release|x86.ActiveCfg = Release|Any CPU
		{FB829B58-C681-440D-8DB3-2A980A84C31C}.Release|x86.Build.0 = Release|Any CPU
	EndGlobalSection
	GlobalSection(SolutionProperties) = preSolution
		HideSolutionNode = FALSE
	EndGlobalSection
	GlobalSection(NestedProjects) = preSolution
		{5B599073-8416-4A3C-8D92-B15B9E57E410} = {DE152D52-1346-4F9C-A0D3-0CD98319DD14}
	EndGlobalSection
	GlobalSection(ExtensibilityGlobals) = postSolution
		SolutionGuid = {595EE95E-9C3C-4BF5-A7F2-738626770878}
	EndGlobalSection
EndGlobal
